
Microsoft Visual Studio Solution File, Format Version 12.00
# Visual Studio Version 17
VisualStudioVersion = 17.5.2.0
MinimumVisualStudioVersion = 10.0.40219.1
Project("{FAE04EC0-301F-11D3-BF4B-00C04F79EFBC}") = "CheckerboardGameApp", "CheckerboardGameApp.csproj", "{073C160A-33D0-29A2-441C-DA00C258BE10}"
EndProject
Project("{FAE04EC0-301F-11D3-BF4B-00C04F79EFBC}") = "GameService.Tests", "..\GameService.Tests\GameService.Tests.csproj", "{32416A93-02A0-4461-A8B0-FE92106599C1}"
EndProject
Global
	GlobalSection(SolutionConfigurationPlatforms) = preSolution
		Debug|Any CPU = Debug|Any CPU
		Debug|x64 = Debug|x64
		Debug|x86 = Debug|x86
		Release|Any CPU = Release|Any CPU
		Release|x64 = Release|x64
		Release|x86 = Release|x86
	EndGlobalSection
	GlobalSection(ProjectConfigurationPlatforms) = postSolution
		{073C160A-33D0-29A2-441C-DA00C258BE10}.Debug|Any CPU.ActiveCfg = Debug|Any CPU
		{073C160A-33D0-29A2-441C-DA00C258BE10}.Debug|Any CPU.Build.0 = Debug|Any CPU
		{073C160A-33D0-29A2-441C-DA00C258BE10}.Debug|x64.ActiveCfg = Debug|Any CPU
		{073C160A-33D0-29A2-441C-DA00C258BE10}.Debug|x64.Build.0 = Debug|Any CPU
		{073C160A-33D0-29A2-441C-DA00C258BE10}.Debug|x86.ActiveCfg = Debug|Any CPU
		{073C160A-33D0-29A2-441C-DA00C258BE10}.Debug|x86.Build.0 = Debug|Any CPU
		{073C160A-33D0-29A2-441C-DA00C258BE10}.Release|Any CPU.ActiveCfg = Release|Any CPU
		{073C160A-33D0-29A2-441C-DA00C258BE10}.Release|Any CPU.Build.0 = Release|Any CPU
		{073C160A-33D0-29A2-441C-DA00C258BE10}.Release|x64.ActiveCfg = Release|Any CPU
		{073C160A-33D0-29A2-441C-DA00C258BE10}.Release|x64.Build.0 = Release|Any CPU
		{073C160A-33D0-29A2-441C-DA00C258BE10}.Release|x86.ActiveCfg = Release|Any CPU
		{073C160A-33D0-29A2-441C-DA00C258BE10}.Release|x86.Build.0 = Release|Any CPU
		{32416A93-02A0-4461-A8B0-FE92106599C1}.Debug|Any CPU.ActiveCfg = Debug|Any CPU
		{32416A93-02A0-4461-A8B0-FE92106599C1}.Debug|Any CPU.Build.0 = Debug|Any CPU
		{32416A93-02A0-4461-A8B0-FE92106599C1}.Debug|x64.ActiveCfg = Debug|Any CPU
		{32416A93-02A0-4461-A8B0-FE92106599C1}.Debug|x64.Build.0 = Debug|Any CPU
		{32416A93-02A0-4461-A8B0-FE92106599C1}.Debug|x86.ActiveCfg = Debug|Any CPU
		{32416A93-02A0-4461-A8B0-FE92106599C1}.Debug|x86.Build.0 = Debug|Any CPU
		{32416A93-02A0-4461-A8B0-FE92106599C1}.Release|Any CPU.ActiveCfg = Release|Any CPU
		{32416A93-02A0-4461-A8B0-FE92106599C1}.Release|Any CPU.Build.0 = Release|Any CPU
		{32416A93-02A0-4461-A8B0-FE92106599C1}.Release|x64.ActiveCfg = Release|Any CPU
		{32416A93-02A0-4461-A8B0-FE92106599C1}.Release|x64.Build.0 = Release|Any CPU
		{32416A93-02A0-4461-A8B0-FE92106599C1}.Release|x86.ActiveCfg = Release|Any CPU
		{32416A93-02A0-4461-A8B0-FE92106599C1}.Release|x86.Build.0 = Release|Any CPU
	EndGlobalSection
	GlobalSection(SolutionProperties) = preSolution
		HideSolutionNode = FALSE
	EndGlobalSection
	GlobalSection(ExtensibilityGlobals) = postSolution
		SolutionGuid = {8FA81D4D-0B7B-48D7-8971-1552ABD9EB20}
	EndGlobalSection
EndGlobal
